
Microsoft Visual Studio Solution File, Format Version 12.00
# Visual Studio Version 16
VisualStudioVersion = 16.0.29613.14
MinimumVisualStudioVersion = 10.0.40219.1
Project("{FAE04EC0-301F-11D3-BF4B-00C04F79EFBC}") = "SampleConsoleApp", "SampleConsoleApp\SampleConsoleApp.csproj", "{2E87873F-1B98-4D4E-8EEF-5E14ADBADA79}"
EndProject
Global
	GlobalSection(SolutionConfigurationPlatforms) = preSolution
		Debug|Any CPU = Debug|Any CPU
		Release|Any CPU = Release|Any CPU
	EndGlobalSection
	GlobalSection(ProjectConfigurationPlatforms) = postSolution
		{2E87873F-1B98-4D4E-8EEF-5E14ADBADA79}.Debug|Any CPU.ActiveCfg = Debug|Any CPU
		{2E87873F-1B98-4D4E-8EEF-5E14ADBADA79}.Debug|Any CPU.Build.0 = Debug|Any CPU
		{2E87873F-1B98-4D4E-8EEF-5E14ADBADA79}.Release|Any CPU.ActiveCfg = Release|Any CPU
		{2E87873F-1B98-4D4E-8EEF-5E14ADBADA79}.Release|Any CPU.Build.0 = Release|Any CPU
	EndGlobalSection
	GlobalSection(SolutionProperties) = preSolution
		HideSolutionNode = FALSE
	EndGlobalSection
	GlobalSection(ExtensibilityGlobals) = postSolution
		SolutionGuid = {D7118A38-A482-4335-AE8A-3FA3069AFE6A}
	EndGlobalSection
EndGlobal
